
Microsoft Visual Studio Solution File, Format Version 12.00
# Visual Studio 15
VisualStudioVersion = 15.0.27004.2006
MinimumVisualStudioVersion = 10.0.40219.1
Project("{8BC9CEB8-8B4A-11D0-8D11-00A0C91BC942}") = "mapGeneration", "mapGeneration\mapGeneration.vcxproj", "{37848EA5-B0C5-46BC-9A61-31C14BA51384}"
EndProject
Global
	GlobalSection(SolutionConfigurationPlatforms) = preSolution
		Debug|x64 = Debug|x64
		Debug|x86 = Debug|x86
		Release|x64 = Release|x64
		Release|x86 = Release|x86
	EndGlobalSection
	GlobalSection(ProjectConfigurationPlatforms) = postSolution
		{37848EA5-B0C5-46BC-9A61-31C14BA51384}.Debug|x64.ActiveCfg = Debug|x64
		{37848EA5-B0C5-46BC-9A61-31C14BA51384}.Debug|x64.Build.0 = Debug|x64
		{37848EA5-B0C5-46BC-9A61-31C14BA51384}.Debug|x86.ActiveCfg = Debug|Win32
		{37848EA5-B0C5-46BC-9A61-31C14BA51384}.Debug|x86.Build.0 = Debug|Win32
		{37848EA5-B0C5-46BC-9A61-31C14BA51384}.Release|x64.ActiveCfg = Release|x64
		{37848EA5-B0C5-46BC-9A61-31C14BA51384}.Release|x64.Build.0 = Release|x64
		{37848EA5-B0C5-46BC-9A61-31C14BA51384}.Release|x86.ActiveCfg = Release|Win32
		{37848EA5-B0C5-46BC-9A61-31C14BA51384}.Release|x86.Build.0 = Release|Win32
	EndGlobalSection
	GlobalSection(SolutionProperties) = preSolution
		HideSolutionNode = FALSE
	EndGlobalSection
	GlobalSection(ExtensibilityGlobals) = postSolution
		SolutionGuid = {AE70A4AA-9185-4C3E-A956-4A1799B9A5B6}
	EndGlobalSection
EndGlobal
